
Microsoft Visual Studio Solution File, Format Version 12.00
# Visual Studio Version 16
VisualStudioVersion = 16.0.29924.181
MinimumVisualStudioVersion = 10.0.40219.1
Project("{FAE04EC0-301F-11D3-BF4B-00C04F79EFBC}") = "SinunKoronaUpdate", "SinunKoronaUpdate\SinunKoronaUpdate.csproj", "{4C82475B-CC84-4C5F-918E-A1090E24ED72}"
EndProject
Project("{FAE04EC0-301F-11D3-BF4B-00C04F79EFBC}") = "ServiceKoronaUpdate", "ServiceKoronaUpdate\ServiceKoronaUpdate.csproj", "{B86D4446-F792-4253-BFD8-FA2ECBC4E242}"
EndProject
Project("{FAE04EC0-301F-11D3-BF4B-00C04F79EFBC}") = "ServiceKirjastoUtility.covid", "ServiceKirjastoUtility.covid\ServiceKirjastoUtility.covid.csproj", "{7D7BDA7E-9C00-43D4-9915-3E958B49540F}"
EndProject
Global
	GlobalSection(SolutionConfigurationPlatforms) = preSolution
		Debug|Any CPU = Debug|Any CPU
		Debug|ARM = Debug|ARM
		Debug|ARM64 = Debug|ARM64
		Debug|x64 = Debug|x64
		Debug|x86 = Debug|x86
		Release|Any CPU = Release|Any CPU
		Release|ARM = Release|ARM
		Release|ARM64 = Release|ARM64
		Release|x64 = Release|x64
		Release|x86 = Release|x86
	EndGlobalSection
	GlobalSection(ProjectConfigurationPlatforms) = postSolution
		{4C82475B-CC84-4C5F-918E-A1090E24ED72}.Debug|Any CPU.ActiveCfg = Debug|x86
		{4C82475B-CC84-4C5F-918E-A1090E24ED72}.Debug|ARM.ActiveCfg = Debug|ARM
		{4C82475B-CC84-4C5F-918E-A1090E24ED72}.Debug|ARM.Build.0 = Debug|ARM
		{4C82475B-CC84-4C5F-918E-A1090E24ED72}.Debug|ARM.Deploy.0 = Debug|ARM
		{4C82475B-CC84-4C5F-918E-A1090E24ED72}.Debug|ARM64.ActiveCfg = Debug|ARM64
		{4C82475B-CC84-4C5F-918E-A1090E24ED72}.Debug|ARM64.Build.0 = Debug|ARM64
		{4C82475B-CC84-4C5F-918E-A1090E24ED72}.Debug|ARM64.Deploy.0 = Debug|ARM64
		{4C82475B-CC84-4C5F-918E-A1090E24ED72}.Debug|x64.ActiveCfg = Debug|x64
		{4C82475B-CC84-4C5F-918E-A1090E24ED72}.Debug|x64.Build.0 = Debug|x64
		{4C82475B-CC84-4C5F-918E-A1090E24ED72}.Debug|x64.Deploy.0 = Debug|x64
		{4C82475B-CC84-4C5F-918E-A1090E24ED72}.Debug|x86.ActiveCfg = Debug|x86
		{4C82475B-CC84-4C5F-918E-A1090E24ED72}.Debug|x86.Build.0 = Debug|x86
		{4C82475B-CC84-4C5F-918E-A1090E24ED72}.Debug|x86.Deploy.0 = Debug|x86
		{4C82475B-CC84-4C5F-918E-A1090E24ED72}.Release|Any CPU.ActiveCfg = Release|x86
		{4C82475B-CC84-4C5F-918E-A1090E24ED72}.Release|ARM.ActiveCfg = Release|ARM
		{4C82475B-CC84-4C5F-918E-A1090E24ED72}.Release|ARM.Build.0 = Release|ARM
		{4C82475B-CC84-4C5F-918E-A1090E24ED72}.Release|ARM.Deploy.0 = Release|ARM
		{4C82475B-CC84-4C5F-918E-A1090E24ED72}.Release|ARM64.ActiveCfg = Release|ARM64
		{4C82475B-CC84-4C5F-918E-A1090E24ED72}.Release|ARM64.Build.0 = Release|ARM64
		{4C82475B-CC84-4C5F-918E-A1090E24ED72}.Release|ARM64.Deploy.0 = Release|ARM64
		{4C82475B-CC84-4C5F-918E-A1090E24ED72}.Release|x64.ActiveCfg = Release|x64
		{4C82475B-CC84-4C5F-918E-A1090E24ED72}.Release|x64.Build.0 = Release|x64
		{4C82475B-CC84-4C5F-918E-A1090E24ED72}.Release|x64.Deploy.0 = Release|x64
		{4C82475B-CC84-4C5F-918E-A1090E24ED72}.Release|x86.ActiveCfg = Release|x86
		{4C82475B-CC84-4C5F-918E-A1090E24ED72}.Release|x86.Build.0 = Release|x86
		{4C82475B-CC84-4C5F-918E-A1090E24ED72}.Release|x86.Deploy.0 = Release|x86
		{B86D4446-F792-4253-BFD8-FA2ECBC4E242}.Debug|Any CPU.ActiveCfg = Debug|Any CPU
		{B86D4446-F792-4253-BFD8-FA2ECBC4E242}.Debug|Any CPU.Build.0 = Debug|Any CPU
		{B86D4446-F792-4253-BFD8-FA2ECBC4E242}.Debug|ARM.ActiveCfg = Debug|Any CPU
		{B86D4446-F792-4253-BFD8-FA2ECBC4E242}.Debug|ARM.Build.0 = Debug|Any CPU
		{B86D4446-F792-4253-BFD8-FA2ECBC4E242}.Debug|ARM64.ActiveCfg = Debug|Any CPU
		{B86D4446-F792-4253-BFD8-FA2ECBC4E242}.Debug|ARM64.Build.0 = Debug|Any CPU
		{B86D4446-F792-4253-BFD8-FA2ECBC4E242}.Debug|x64.ActiveCfg = Debug|Any CPU
		{B86D4446-F792-4253-BFD8-FA2ECBC4E242}.Debug|x64.Build.0 = Debug|Any CPU
		{B86D4446-F792-4253-BFD8-FA2ECBC4E242}.Debug|x86.ActiveCfg = Debug|Any CPU
		{B86D4446-F792-4253-BFD8-FA2ECBC4E242}.Debug|x86.Build.0 = Debug|Any CPU
		{B86D4446-F792-4253-BFD8-FA2ECBC4E242}.Release|Any CPU.ActiveCfg = Release|Any CPU
		{B86D4446-F792-4253-BFD8-FA2ECBC4E242}.Release|Any CPU.Build.0 = Release|Any CPU
		{B86D4446-F792-4253-BFD8-FA2ECBC4E242}.Release|ARM.ActiveCfg = Release|Any CPU
		{B86D4446-F792-4253-BFD8-FA2ECBC4E242}.Release|ARM.Build.0 = Release|Any CPU
		{B86D4446-F792-4253-BFD8-FA2ECBC4E242}.Release|ARM64.ActiveCfg = Release|Any CPU
		{B86D4446-F792-4253-BFD8-FA2ECBC4E242}.Release|ARM64.Build.0 = Release|Any CPU
		{B86D4446-F792-4253-BFD8-FA2ECBC4E242}.Release|x64.ActiveCfg = Release|Any CPU
		{B86D4446-F792-4253-BFD8-FA2ECBC4E242}.Release|x64.Build.0 = Release|Any CPU
		{B86D4446-F792-4253-BFD8-FA2ECBC4E242}.Release|x86.ActiveCfg = Release|Any CPU
		{B86D4446-F792-4253-BFD8-FA2ECBC4E242}.Release|x86.Build.0 = Release|Any CPU
		{7D7BDA7E-9C00-43D4-9915-3E958B49540F}.Debug|Any CPU.ActiveCfg = Debug|Any CPU
		{7D7BDA7E-9C00-43D4-9915-3E958B49540F}.Debug|Any CPU.Build.0 = Debug|Any CPU
		{7D7BDA7E-9C00-43D4-9915-3E958B49540F}.Debug|ARM.ActiveCfg = Debug|Any CPU
		{7D7BDA7E-9C00-43D4-9915-3E958B49540F}.Debug|ARM.Build.0 = Debug|Any CPU
		{7D7BDA7E-9C00-43D4-9915-3E958B49540F}.Debug|ARM64.ActiveCfg = Debug|Any CPU
		{7D7BDA7E-9C00-43D4-9915-3E958B49540F}.Debug|ARM64.Build.0 = Debug|Any CPU
		{7D7BDA7E-9C00-43D4-9915-3E958B49540F}.Debug|x64.ActiveCfg = Debug|Any CPU
		{7D7BDA7E-9C00-43D4-9915-3E958B49540F}.Debug|x64.Build.0 = Debug|Any CPU
		{7D7BDA7E-9C00-43D4-9915-3E958B49540F}.Debug|x86.ActiveCfg = Debug|Any CPU
		{7D7BDA7E-9C00-43D4-9915-3E958B49540F}.Debug|x86.Build.0 = Debug|Any CPU
		{7D7BDA7E-9C00-43D4-9915-3E958B49540F}.Release|Any CPU.ActiveCfg = Release|Any CPU
		{7D7BDA7E-9C00-43D4-9915-3E958B49540F}.Release|Any CPU.Build.0 = Release|Any CPU
		{7D7BDA7E-9C00-43D4-9915-3E958B49540F}.Release|ARM.ActiveCfg = Release|Any CPU
		{7D7BDA7E-9C00-43D4-9915-3E958B49540F}.Release|ARM.Build.0 = Release|Any CPU
		{7D7BDA7E-9C00-43D4-9915-3E958B49540F}.Release|ARM64.ActiveCfg = Release|Any CPU
		{7D7BDA7E-9C00-43D4-9915-3E958B49540F}.Release|ARM64.Build.0 = Release|Any CPU
		{7D7BDA7E-9C00-43D4-9915-3E958B49540F}.Release|x64.ActiveCfg = Release|Any CPU
		{7D7BDA7E-9C00-43D4-9915-3E958B49540F}.Release|x64.Build.0 = Release|Any CPU
		{7D7BDA7E-9C00-43D4-9915-3E958B49540F}.Release|x86.ActiveCfg = Release|Any CPU
		{7D7BDA7E-9C00-43D4-9915-3E958B49540F}.Release|x86.Build.0 = Release|Any CPU
	EndGlobalSection
	GlobalSection(SolutionProperties) = preSolution
		HideSolutionNode = FALSE
	EndGlobalSection
	GlobalSection(ExtensibilityGlobals) = postSolution
		SolutionGuid = {3967DE69-257A-477C-A7E3-4AF8FE1DCD28}
	EndGlobalSection
EndGlobal
